
Microsoft Visual Studio Solution File, Format Version 12.00
# Visual Studio Version 16
VisualStudioVersion = 16.0.31019.35
MinimumVisualStudioVersion = 10.0.40219.1
Project("{FAE04EC0-301F-11D3-BF4B-00C04F79EFBC}") = "Q1_Reversort", "Q1-Reversort\Q1_Reversort.csproj", "{1FF844EF-B294-4C79-9D6B-F4A6218DDD04}"
EndProject
Global
	GlobalSection(SolutionConfigurationPlatforms) = preSolution
		Debug|Any CPU = Debug|Any CPU
		Release|Any CPU = Release|Any CPU
	EndGlobalSection
	GlobalSection(ProjectConfigurationPlatforms) = postSolution
		{1FF844EF-B294-4C79-9D6B-F4A6218DDD04}.Debug|Any CPU.ActiveCfg = Debug|Any CPU
		{1FF844EF-B294-4C79-9D6B-F4A6218DDD04}.Debug|Any CPU.Build.0 = Debug|Any CPU
		{1FF844EF-B294-4C79-9D6B-F4A6218DDD04}.Release|Any CPU.ActiveCfg = Release|Any CPU
		{1FF844EF-B294-4C79-9D6B-F4A6218DDD04}.Release|Any CPU.Build.0 = Release|Any CPU
	EndGlobalSection
	GlobalSection(SolutionProperties) = preSolution
		HideSolutionNode = FALSE
	EndGlobalSection
	GlobalSection(ExtensibilityGlobals) = postSolution
		SolutionGuid = {EE509187-E17E-48D2-A7EE-FA6AEA6488E3}
	EndGlobalSection
EndGlobal
